
Microsoft Visual Studio Solution File, Format Version 12.00
# Visual Studio Version 17
VisualStudioVersion = 17.0.31903.59
MinimumVisualStudioVersion = 10.0.40219.1
Project("{2150E333-8FDC-42A3-9474-1A3956D46DE8}") = "Services", "Services", "{80504603-1686-4F01-948A-D8EEF2B2B003}"
EndProject
Project("{2150E333-8FDC-42A3-9474-1A3956D46DE8}") = "Catalog", "Catalog", "{EE0F5565-8A27-48D0-8281-50255A681394}"
EndProject
Project("{FAE04EC0-301F-11D3-BF4B-00C04F79EFBC}") = "Catalog.API", "Services\Catalog\Catalog.API\Catalog.API.csproj", "{AD9BB169-33EE-423B-B771-7C4671770C2B}"
EndProject
Global
	GlobalSection(SolutionConfigurationPlatforms) = preSolution
		Debug|Any CPU = Debug|Any CPU
		Release|Any CPU = Release|Any CPU
	EndGlobalSection
	GlobalSection(ProjectConfigurationPlatforms) = postSolution
		{AD9BB169-33EE-423B-B771-7C4671770C2B}.Debug|Any CPU.ActiveCfg = Debug|Any CPU
		{AD9BB169-33EE-423B-B771-7C4671770C2B}.Debug|Any CPU.Build.0 = Debug|Any CPU
		{AD9BB169-33EE-423B-B771-7C4671770C2B}.Release|Any CPU.ActiveCfg = Release|Any CPU
		{AD9BB169-33EE-423B-B771-7C4671770C2B}.Release|Any CPU.Build.0 = Release|Any CPU
	EndGlobalSection
	GlobalSection(SolutionProperties) = preSolution
		HideSolutionNode = FALSE
	EndGlobalSection
	GlobalSection(NestedProjects) = preSolution
		{EE0F5565-8A27-48D0-8281-50255A681394} = {80504603-1686-4F01-948A-D8EEF2B2B003}
		{AD9BB169-33EE-423B-B771-7C4671770C2B} = {EE0F5565-8A27-48D0-8281-50255A681394}
	EndGlobalSection
	GlobalSection(ExtensibilityGlobals) = postSolution
		SolutionGuid = {547E7D56-1DE4-4B8F-ACD8-7664D3D58BEC}
	EndGlobalSection
EndGlobal
