
Microsoft Visual Studio Solution File, Format Version 12.00
# Visual Studio Version 17
VisualStudioVersion = 17.0.31903.59
MinimumVisualStudioVersion = 10.0.40219.1
Project("{2150E333-8FDC-42A3-9474-1A3956D46DE8}") = "Services", "Services", "{80504603-1686-4F01-948A-D8EEF2B2B003}"
EndProject
Project("{2150E333-8FDC-42A3-9474-1A3956D46DE8}") = "Catalog", "Catalog", "{EE0F5565-8A27-48D0-8281-50255A681394}"
EndProject
Project("{9A19103F-16F7-4668-BE54-9A1E7A4F7556}") = "Catalog.API", "Services\Catalog\Catalog.API\Catalog.API.csproj", "{AD9BB169-33EE-423B-B771-7C4671770C2B}"
EndProject
Project("{2150E333-8FDC-42A3-9474-1A3956D46DE8}") = "BuildingBlocks", "BuildingBlocks", "{EA358DA6-F5CD-493D-81DD-E272C6CDFEF2}"
EndProject
Project("{9A19103F-16F7-4668-BE54-9A1E7A4F7556}") = "BuildingBlocks", "BuildingBlocks\BuildingBlocks\BuildingBlocks.csproj", "{D55BC73B-FDFC-4F2F-A54D-F6CAAC2ED70E}"
EndProject
Project("{E53339B2-1760-4266-BCC7-CA923CBCF16C}") = "docker-compose", "docker-compose.dcproj", "{4268F400-D9DA-4944-A386-F1EAA8A95B75}"
EndProject
Project("{2150E333-8FDC-42A3-9474-1A3956D46DE8}") = "Basket", "Basket", "{8654D736-783F-45BE-93A8-4DABE3DE1A68}"
EndProject
Project("{FAE04EC0-301F-11D3-BF4B-00C04F79EFBC}") = "Basket.API", "Services\Basket\Basket.API\Basket.API.csproj", "{E560A4AC-A000-4045-89EA-0C6C5EA7C0D4}"
EndProject
Project("{2150E333-8FDC-42A3-9474-1A3956D46DE8}") = "Discount", "Discount", "{AFD8888B-E6B2-426F-B689-B11F6FAFDE05}"
EndProject
Project("{FAE04EC0-301F-11D3-BF4B-00C04F79EFBC}") = "Discount.Grpc", "Services\Discount\Discount.Grpc\Discount.Grpc.csproj", "{B3434776-13EA-4F94-88E0-A63DAFA639B9}"
EndProject
Project("{2150E333-8FDC-42A3-9474-1A3956D46DE8}") = "Ordering", "Ordering", "{217EDDA9-D015-480D-8ED8-F8D9190A309E}"
EndProject
Project("{FAE04EC0-301F-11D3-BF4B-00C04F79EFBC}") = "Ordering.API", "Services\Ordering\Ordering.API\Ordering.API.csproj", "{F4C1A828-5380-4CBF-802A-0DB6B7D3B97B}"
EndProject
Project("{FAE04EC0-301F-11D3-BF4B-00C04F79EFBC}") = "Ordering.Domain", "Services\Ordering\Ordering.Domain\Ordering.Domain.csproj", "{85CCEE10-AF0A-4D9F-AC07-FA2D6F8FD510}"
EndProject
Project("{FAE04EC0-301F-11D3-BF4B-00C04F79EFBC}") = "Ordering.Application", "Services\Ordering\Ordering.Application\Ordering.Application.csproj", "{72F34033-D9EC-4B53-B08E-415C613BFF53}"
EndProject
Project("{FAE04EC0-301F-11D3-BF4B-00C04F79EFBC}") = "Ordering.Infrastructure", "Ordering.Infrastructure\Ordering.Infrastructure.csproj", "{43C755B1-7B5E-4D47-89FB-F8C70D1F22E2}"
EndProject
Global
	GlobalSection(SolutionConfigurationPlatforms) = preSolution
		Debug|Any CPU = Debug|Any CPU
		Release|Any CPU = Release|Any CPU
	EndGlobalSection
	GlobalSection(ProjectConfigurationPlatforms) = postSolution
		{AD9BB169-33EE-423B-B771-7C4671770C2B}.Debug|Any CPU.ActiveCfg = Debug|Any CPU
		{AD9BB169-33EE-423B-B771-7C4671770C2B}.Debug|Any CPU.Build.0 = Debug|Any CPU
		{AD9BB169-33EE-423B-B771-7C4671770C2B}.Release|Any CPU.ActiveCfg = Release|Any CPU
		{AD9BB169-33EE-423B-B771-7C4671770C2B}.Release|Any CPU.Build.0 = Release|Any CPU
		{D55BC73B-FDFC-4F2F-A54D-F6CAAC2ED70E}.Debug|Any CPU.ActiveCfg = Debug|Any CPU
		{D55BC73B-FDFC-4F2F-A54D-F6CAAC2ED70E}.Debug|Any CPU.Build.0 = Debug|Any CPU
		{D55BC73B-FDFC-4F2F-A54D-F6CAAC2ED70E}.Release|Any CPU.ActiveCfg = Release|Any CPU
		{D55BC73B-FDFC-4F2F-A54D-F6CAAC2ED70E}.Release|Any CPU.Build.0 = Release|Any CPU
		{4268F400-D9DA-4944-A386-F1EAA8A95B75}.Debug|Any CPU.ActiveCfg = Debug|Any CPU
		{4268F400-D9DA-4944-A386-F1EAA8A95B75}.Debug|Any CPU.Build.0 = Debug|Any CPU
		{4268F400-D9DA-4944-A386-F1EAA8A95B75}.Release|Any CPU.ActiveCfg = Release|Any CPU
		{4268F400-D9DA-4944-A386-F1EAA8A95B75}.Release|Any CPU.Build.0 = Release|Any CPU
		{E560A4AC-A000-4045-89EA-0C6C5EA7C0D4}.Debug|Any CPU.ActiveCfg = Debug|Any CPU
		{E560A4AC-A000-4045-89EA-0C6C5EA7C0D4}.Debug|Any CPU.Build.0 = Debug|Any CPU
		{E560A4AC-A000-4045-89EA-0C6C5EA7C0D4}.Release|Any CPU.ActiveCfg = Release|Any CPU
		{E560A4AC-A000-4045-89EA-0C6C5EA7C0D4}.Release|Any CPU.Build.0 = Release|Any CPU
		{B3434776-13EA-4F94-88E0-A63DAFA639B9}.Debug|Any CPU.ActiveCfg = Debug|Any CPU
		{B3434776-13EA-4F94-88E0-A63DAFA639B9}.Debug|Any CPU.Build.0 = Debug|Any CPU
		{B3434776-13EA-4F94-88E0-A63DAFA639B9}.Release|Any CPU.ActiveCfg = Release|Any CPU
		{B3434776-13EA-4F94-88E0-A63DAFA639B9}.Release|Any CPU.Build.0 = Release|Any CPU
		{F4C1A828-5380-4CBF-802A-0DB6B7D3B97B}.Debug|Any CPU.ActiveCfg = Debug|Any CPU
		{F4C1A828-5380-4CBF-802A-0DB6B7D3B97B}.Debug|Any CPU.Build.0 = Debug|Any CPU
		{F4C1A828-5380-4CBF-802A-0DB6B7D3B97B}.Release|Any CPU.ActiveCfg = Release|Any CPU
		{F4C1A828-5380-4CBF-802A-0DB6B7D3B97B}.Release|Any CPU.Build.0 = Release|Any CPU
		{85CCEE10-AF0A-4D9F-AC07-FA2D6F8FD510}.Debug|Any CPU.ActiveCfg = Debug|Any CPU
		{85CCEE10-AF0A-4D9F-AC07-FA2D6F8FD510}.Debug|Any CPU.Build.0 = Debug|Any CPU
		{85CCEE10-AF0A-4D9F-AC07-FA2D6F8FD510}.Release|Any CPU.ActiveCfg = Release|Any CPU
		{85CCEE10-AF0A-4D9F-AC07-FA2D6F8FD510}.Release|Any CPU.Build.0 = Release|Any CPU
		{72F34033-D9EC-4B53-B08E-415C613BFF53}.Debug|Any CPU.ActiveCfg = Debug|Any CPU
		{72F34033-D9EC-4B53-B08E-415C613BFF53}.Debug|Any CPU.Build.0 = Debug|Any CPU
		{72F34033-D9EC-4B53-B08E-415C613BFF53}.Release|Any CPU.ActiveCfg = Release|Any CPU
		{72F34033-D9EC-4B53-B08E-415C613BFF53}.Release|Any CPU.Build.0 = Release|Any CPU
		{43C755B1-7B5E-4D47-89FB-F8C70D1F22E2}.Debug|Any CPU.ActiveCfg = Debug|Any CPU
		{43C755B1-7B5E-4D47-89FB-F8C70D1F22E2}.Debug|Any CPU.Build.0 = Debug|Any CPU
		{43C755B1-7B5E-4D47-89FB-F8C70D1F22E2}.Release|Any CPU.ActiveCfg = Release|Any CPU
		{43C755B1-7B5E-4D47-89FB-F8C70D1F22E2}.Release|Any CPU.Build.0 = Release|Any CPU
	EndGlobalSection
	GlobalSection(SolutionProperties) = preSolution
		HideSolutionNode = FALSE
	EndGlobalSection
	GlobalSection(NestedProjects) = preSolution
		{EE0F5565-8A27-48D0-8281-50255A681394} = {80504603-1686-4F01-948A-D8EEF2B2B003}
		{AD9BB169-33EE-423B-B771-7C4671770C2B} = {EE0F5565-8A27-48D0-8281-50255A681394}
		{D55BC73B-FDFC-4F2F-A54D-F6CAAC2ED70E} = {EA358DA6-F5CD-493D-81DD-E272C6CDFEF2}
		{8654D736-783F-45BE-93A8-4DABE3DE1A68} = {80504603-1686-4F01-948A-D8EEF2B2B003}
		{E560A4AC-A000-4045-89EA-0C6C5EA7C0D4} = {8654D736-783F-45BE-93A8-4DABE3DE1A68}
		{AFD8888B-E6B2-426F-B689-B11F6FAFDE05} = {80504603-1686-4F01-948A-D8EEF2B2B003}
		{B3434776-13EA-4F94-88E0-A63DAFA639B9} = {AFD8888B-E6B2-426F-B689-B11F6FAFDE05}
		{217EDDA9-D015-480D-8ED8-F8D9190A309E} = {80504603-1686-4F01-948A-D8EEF2B2B003}
		{F4C1A828-5380-4CBF-802A-0DB6B7D3B97B} = {217EDDA9-D015-480D-8ED8-F8D9190A309E}
		{85CCEE10-AF0A-4D9F-AC07-FA2D6F8FD510} = {217EDDA9-D015-480D-8ED8-F8D9190A309E}
		{72F34033-D9EC-4B53-B08E-415C613BFF53} = {217EDDA9-D015-480D-8ED8-F8D9190A309E}
		{43C755B1-7B5E-4D47-89FB-F8C70D1F22E2} = {217EDDA9-D015-480D-8ED8-F8D9190A309E}
	EndGlobalSection
	GlobalSection(ExtensibilityGlobals) = postSolution
		SolutionGuid = {547E7D56-1DE4-4B8F-ACD8-7664D3D58BEC}
	EndGlobalSection
EndGlobal
